# Generated by pub
# See https://dart.dev/tools/pub/glossary#lockfile
packages:
  bubble_tab_indicator:
    dependency: "direct main"
    description:
      name: bubble_tab_indicator
      url: "https://pub.dartlang.org"
    source: hosted
    version: "0.1.4"
  collection:
    dependency: transitive
    description:
      name: collection
      url: "https://pub.dartlang.org"
    source: hosted
    version: "1.14.11"
  cupertino_icons:
    dependency: "direct main"
    description:
      name: cupertino_icons
      url: "https://pub.dartlang.org"
    source: hosted
    version: "0.1.2"
  fl_chart:
    dependency: "direct main"
    description:
      name: fl_chart
      url: "https://pub.dartlang.org"
    source: hosted
    version: "0.4.2"
  flutter:
    dependency: "direct main"
    description: flutter
    source: sdk
    version: "0.0.0"
  flutter_screenutil:
    dependency: "direct main"
    description:
      name: flutter_screenutil
      url: "https://pub.dartlang.org"
    source: hosted
    version: "0.6.0"
  intl:
    dependency: "direct main"
    description:
      name: intl
      url: "https://pub.dartlang.org"
    source: hosted
    version: "0.16.0"
  meta:
    dependency: transitive
    description:
      name: meta
      url: "https://pub.dartlang.org"
    source: hosted
    version: "1.1.8"
  path:
    dependency: transitive
    description:
      name: path
      url: "https://pub.dartlang.org"
    source: hosted
    version: "1.6.4"
  sky_engine:
    dependency: transitive
    description: flutter
    source: sdk
    version: "0.0.99"
  typed_data:
    dependency: transitive
    description:
      name: typed_data
      url: "https://pub.dartlang.org"
    source: hosted
    version: "1.1.6"
  vector_math:
    dependency: transitive
    description:
      name: vector_math
      url: "https://pub.dartlang.org"
    source: hosted
    version: "2.0.8"
sdks:
  dart: ">=2.2.2 <3.0.0"
